
Microsoft Visual Studio Solution File, Format Version 12.00
# Visual Studio Version 17
VisualStudioVersion = 17.1.32421.90
MinimumVisualStudioVersion = 10.0.40219.1
Project("{2150E333-8FDC-42A3-9474-1A3956D46DE8}") = "1.Creational_Patterns", "1.Creational_Patterns", "{EBFADBDB-658B-41B1-BFED-F633DFF4F99F}"
EndProject
Project("{2150E333-8FDC-42A3-9474-1A3956D46DE8}") = "3.Behavioral_Patterns", "3.Behavioral_Patterns", "{31951D61-E276-4983-9910-852F8DAD9987}"
EndProject
Project("{2150E333-8FDC-42A3-9474-1A3956D46DE8}") = "2.Structural_Patterns", "2.Structural_Patterns", "{BAD125E0-BA18-4307-A113-A5A5439DF656}"
EndProject
Project("{2150E333-8FDC-42A3-9474-1A3956D46DE8}") = "1.Singleton", "1.Singleton", "{D3875D0C-23F6-403D-8696-F9EAAE905E0B}"
EndProject
Project("{9A19103F-16F7-4668-BE54-9A1E7A4F7556}") = "BasicSingletonPattern", "1.Creational_Patterns\1.Singleton\BasicSingletonPattern\BasicSingletonPattern.csproj", "{975E413E-72A8-40E5-8F82-3F25EEB1FEE8}"
EndProject
Project("{9A19103F-16F7-4668-BE54-9A1E7A4F7556}") = "Logger", "1.Creational_Patterns\1.Singleton\Logger\Logger.csproj", "{2B46BC6F-A0DD-440D-8F75-6CBABC95A68D}"
EndProject
Project("{9A19103F-16F7-4668-BE54-9A1E7A4F7556}") = "LoadBalancer", "1.Creational_Patterns\1.Singleton\LoadBalancer\LoadBalancer.csproj", "{6A164458-1A73-43BE-B977-D47959EB005B}"
EndProject
Project("{2150E333-8FDC-42A3-9474-1A3956D46DE8}") = "2.Factory", "2.Factory", "{1EB46D96-447C-49B9-A8DE-3FAC480549CF}"
EndProject
Project("{9A19103F-16F7-4668-BE54-9A1E7A4F7556}") = "BasicFactoryPattern", "1.Creational_Patterns\2.Factory\BasicFactoryPattern\BasicFactoryPattern.csproj", "{E97D5170-5D80-4069-A9B7-820073D28B72}"
EndProject
Project("{9A19103F-16F7-4668-BE54-9A1E7A4F7556}") = "Manager", "1.Creational_Patterns\2.Factory\Manager\Manager.csproj", "{CFEFD9B1-7A05-42EF-812B-86ED3F772429}"
EndProject
Project("{2150E333-8FDC-42A3-9474-1A3956D46DE8}") = "3.Factory_Method", "3.Factory_Method", "{F5F0E98B-49EE-40A4-9197-85C12C4619D5}"
EndProject
Project("{9A19103F-16F7-4668-BE54-9A1E7A4F7556}") = "BasicFactoryMethodPattern", "1.Creational_Patterns\3.Factory_Method\BasicFactoryMethodPattern\BasicFactoryMethodPattern.csproj", "{DBFBF6E7-BC07-407A-BA6C-A68EB08F63A3}"
EndProject
Project("{2150E333-8FDC-42A3-9474-1A3956D46DE8}") = "4.Abstract_Factory", "4.Abstract_Factory", "{376682B5-7381-454A-840E-80B28F02FE6A}"
EndProject
Project("{9A19103F-16F7-4668-BE54-9A1E7A4F7556}") = "BasicAbstractFactoryPattern", "1.Creational_Patterns\4.Abstract_Factory\BasicAbstractFactoryPattern\BasicAbstractFactoryPattern.csproj", "{659E855A-A983-4B49-83D6-A5E0FED567A5}"
EndProject
Project("{9A19103F-16F7-4668-BE54-9A1E7A4F7556}") = "Document", "1.Creational_Patterns\3.Factory_Method\Document\Document.csproj", "{EB7D4998-F34A-423F-B244-611E5BA46FA7}"
EndProject
Project("{2150E333-8FDC-42A3-9474-1A3956D46DE8}") = "5.Builder", "5.Builder", "{5B417C1C-6957-4604-855F-6A230A6021FF}"
EndProject
Project("{9A19103F-16F7-4668-BE54-9A1E7A4F7556}") = "DatabaseOperations", "1.Creational_Patterns\4.Abstract_Factory\DatabaseOperations\DatabaseOperations.csproj", "{FA64E642-DD2A-419D-ADE7-313F500E993A}"
EndProject
Project("{9A19103F-16F7-4668-BE54-9A1E7A4F7556}") = "BasicBuilderPattern", "1.Creational_Patterns\5.Builder\BasicBuilderPattern\BasicBuilderPattern.csproj", "{D456ACDC-C70B-422A-BFCD-2ACDC30DD7E8}"
EndProject
Project("{9A19103F-16F7-4668-BE54-9A1E7A4F7556}") = "RouteBuilder", "1.Creational_Patterns\5.Builder\RouteBuilder\RouteBuilder.csproj", "{4FAA1425-E19C-4DBC-AFA4-8EA4E55119FE}"
EndProject
Project("{2150E333-8FDC-42A3-9474-1A3956D46DE8}") = "6.Prototype", "6.Prototype", "{74BA0D75-3F54-42C7-AFF5-7910F729CB04}"
EndProject
Project("{9A19103F-16F7-4668-BE54-9A1E7A4F7556}") = "BasicPrototypePattern", "1.Creational_Patterns\6.Prototype\BasicPrototypePattern\BasicPrototypePattern.csproj", "{F6C31344-77D7-4A46-B20D-76E39182ECDD}"
EndProject
Project("{9A19103F-16F7-4668-BE54-9A1E7A4F7556}") = "DeviceManager", "1.Creational_Patterns\6.Prototype\DeviceManager\DeviceManager.csproj", "{C66E4F0C-FEA4-457E-8DE0-6C4F36E36645}"
EndProject
Project("{2150E333-8FDC-42A3-9474-1A3956D46DE8}") = "1.Adapter", "1.Adapter", "{B6DA1B2C-4194-4A16-87BD-2B27B1D33F3B}"
EndProject
Project("{9A19103F-16F7-4668-BE54-9A1E7A4F7556}") = "BasicAdapterPattern", "2.Structural_Patterns\1.Adapter\BasicAdapterPattern\BasicAdapterPattern.csproj", "{7AB0007D-E8F8-4303-9493-7C26ED99F195}"
EndProject
Project("{9A19103F-16F7-4668-BE54-9A1E7A4F7556}") = "Converter", "2.Structural_Patterns\1.Adapter\Converter\Converter.csproj", "{0CCCB665-A4B1-4143-9412-F6F598C67C20}"
EndProject
Project("{2150E333-8FDC-42A3-9474-1A3956D46DE8}") = "2.Composite", "2.Composite", "{B45E7A2C-D19E-4070-93E7-A6E5B26D8571}"
EndProject
Project("{9A19103F-16F7-4668-BE54-9A1E7A4F7556}") = "BasicCompositePattern", "2.Structural_Patterns\2.Composite\BasicCompositePattern\BasicCompositePattern.csproj", "{1483C521-A3F8-452B-8A68-4C67FB5312B4}"
EndProject
Project("{9A19103F-16F7-4668-BE54-9A1E7A4F7556}") = "EmployeeHierarchy", "2.Structural_Patterns\2.Composite\EmployeeHierarchy\EmployeeHierarchy.csproj", "{39FE0F81-FF37-4586-871C-2AD432E631BE}"
EndProject
Project("{2150E333-8FDC-42A3-9474-1A3956D46DE8}") = "3.Bridge", "3.Bridge", "{BBE513F7-FC2F-4DF0-8CC6-06AA0F5CA60E}"
EndProject
Project("{9A19103F-16F7-4668-BE54-9A1E7A4F7556}") = "BasicBridgePattern", "2.Structural_Patterns\3.Bridge\BasicBridgePattern\BasicBridgePattern.csproj", "{338424F4-0B43-49E0-9FDB-59F68044D193}"
EndProject
Project("{9A19103F-16F7-4668-BE54-9A1E7A4F7556}") = "Cutomers", "2.Structural_Patterns\3.Bridge\Cutomers\Cutomers.csproj", "{FB1995B7-80FE-49DF-AE11-476A9BAC17D8}"
EndProject
Project("{2150E333-8FDC-42A3-9474-1A3956D46DE8}") = "4.Facade", "4.Facade", "{B3C2B6E0-7C8B-4284-9434-6459BED4F699}"
EndProject
Project("{9A19103F-16F7-4668-BE54-9A1E7A4F7556}") = "BasicFacadePattern", "2.Structural_Patterns\4.Facade\BasicFacadePattern\BasicFacadePattern.csproj", "{2306BC40-A85E-4967-B37F-0A647E6262C4}"
EndProject
Project("{9A19103F-16F7-4668-BE54-9A1E7A4F7556}") = "MortgageApp", "2.Structural_Patterns\4.Facade\MortgageApp\MortgageApp.csproj", "{C898E9A6-26E5-4869-A054-0AAC6D6921CD}"
EndProject
Project("{2150E333-8FDC-42A3-9474-1A3956D46DE8}") = "5.Proxy", "5.Proxy", "{37D64027-3C61-4830-87E5-BF257C206883}"
EndProject
Project("{9A19103F-16F7-4668-BE54-9A1E7A4F7556}") = "BasicProxyPattern", "2.Structural_Patterns\5.Proxy\BasicProxyPattern\BasicProxyPattern.csproj", "{22C34206-4957-4F6F-8BBA-568096F8F325}"
EndProject
Project("{2150E333-8FDC-42A3-9474-1A3956D46DE8}") = "6.Decorator", "6.Decorator", "{44DF911F-5FF7-403C-9C4D-BA72DED3E5BD}"
EndProject
Project("{FAE04EC0-301F-11D3-BF4B-00C04F79EFBC}") = "BasicDecoratorPattern", "2.Structural_Patterns\6.Decorator\BasicDecoratorPattern\BasicDecoratorPattern.csproj", "{DEE1561E-5070-4843-954F-A1AD164E7E10}"
EndProject
Project("{2150E333-8FDC-42A3-9474-1A3956D46DE8}") = "1.Command", "1.Command", "{9EFD173E-A7FF-437A-9FD5-E848681839D3}"
EndProject
Project("{FAE04EC0-301F-11D3-BF4B-00C04F79EFBC}") = "BasicCommandPattern", "3.Behavioral_Patterns\1.Command\BasicCommandPattern\BasicCommandPattern.csproj", "{94E9D364-FDB3-4171-AFCE-889ECA07A69E}"
EndProject
Project("{FAE04EC0-301F-11D3-BF4B-00C04F79EFBC}") = "DocumentOperations", "3.Behavioral_Patterns\1.Command\DocumentOperations\DocumentOperations.csproj", "{42E717C6-E291-441E-9647-7260301C8117}"
EndProject
Project("{2150E333-8FDC-42A3-9474-1A3956D46DE8}") = "2.Iterator", "2.Iterator", "{ADA5BB92-A472-44D4-ABB4-F7648063B043}"
EndProject
Project("{FAE04EC0-301F-11D3-BF4B-00C04F79EFBC}") = "BasicIteratorPattern", "3.Behavioral_Patterns\2.Iterator\BasicIteratorPattern\BasicIteratorPattern.csproj", "{28D8DBBF-9A97-4462-9142-65A8F14E3A90}"
EndProject
Project("{FAE04EC0-301F-11D3-BF4B-00C04F79EFBC}") = "Iterator", "3.Behavioral_Patterns\2.Iterator\Iterator\Iterator.csproj", "{96401B7E-A949-4456-A706-7AA408735BFB}"
EndProject
Project("{2150E333-8FDC-42A3-9474-1A3956D46DE8}") = "3.Observer", "3.Observer", "{510A2D92-7CAC-4F63-B11B-3AD8470FB0BC}"
EndProject
Project("{FAE04EC0-301F-11D3-BF4B-00C04F79EFBC}") = "BasicObserverPattern", "3.Behavioral_Patterns\3.Observer\BasicObserverPattern\BasicObserverPattern.csproj", "{3FD06E76-0AB9-433C-8472-769370F8520E}"
EndProject
Project("{FAE04EC0-301F-11D3-BF4B-00C04F79EFBC}") = "ObserverExample", "3.Behavioral_Patterns\3.Observer\ObserverExample\ObserverExample.csproj", "{B1980857-D838-438E-BFCB-66E9E57D635F}"
EndProject
Global
	GlobalSection(SolutionConfigurationPlatforms) = preSolution
		Debug|Any CPU = Debug|Any CPU
		Release|Any CPU = Release|Any CPU
	EndGlobalSection
	GlobalSection(ProjectConfigurationPlatforms) = postSolution
		{975E413E-72A8-40E5-8F82-3F25EEB1FEE8}.Debug|Any CPU.ActiveCfg = Debug|Any CPU
		{975E413E-72A8-40E5-8F82-3F25EEB1FEE8}.Debug|Any CPU.Build.0 = Debug|Any CPU
		{975E413E-72A8-40E5-8F82-3F25EEB1FEE8}.Release|Any CPU.ActiveCfg = Release|Any CPU
		{975E413E-72A8-40E5-8F82-3F25EEB1FEE8}.Release|Any CPU.Build.0 = Release|Any CPU
		{2B46BC6F-A0DD-440D-8F75-6CBABC95A68D}.Debug|Any CPU.ActiveCfg = Debug|Any CPU
		{2B46BC6F-A0DD-440D-8F75-6CBABC95A68D}.Debug|Any CPU.Build.0 = Debug|Any CPU
		{2B46BC6F-A0DD-440D-8F75-6CBABC95A68D}.Release|Any CPU.ActiveCfg = Release|Any CPU
		{2B46BC6F-A0DD-440D-8F75-6CBABC95A68D}.Release|Any CPU.Build.0 = Release|Any CPU
		{6A164458-1A73-43BE-B977-D47959EB005B}.Debug|Any CPU.ActiveCfg = Debug|Any CPU
		{6A164458-1A73-43BE-B977-D47959EB005B}.Debug|Any CPU.Build.0 = Debug|Any CPU
		{6A164458-1A73-43BE-B977-D47959EB005B}.Release|Any CPU.ActiveCfg = Release|Any CPU
		{6A164458-1A73-43BE-B977-D47959EB005B}.Release|Any CPU.Build.0 = Release|Any CPU
		{E97D5170-5D80-4069-A9B7-820073D28B72}.Debug|Any CPU.ActiveCfg = Debug|Any CPU
		{E97D5170-5D80-4069-A9B7-820073D28B72}.Debug|Any CPU.Build.0 = Debug|Any CPU
		{E97D5170-5D80-4069-A9B7-820073D28B72}.Release|Any CPU.ActiveCfg = Release|Any CPU
		{E97D5170-5D80-4069-A9B7-820073D28B72}.Release|Any CPU.Build.0 = Release|Any CPU
		{CFEFD9B1-7A05-42EF-812B-86ED3F772429}.Debug|Any CPU.ActiveCfg = Debug|Any CPU
		{CFEFD9B1-7A05-42EF-812B-86ED3F772429}.Debug|Any CPU.Build.0 = Debug|Any CPU
		{CFEFD9B1-7A05-42EF-812B-86ED3F772429}.Release|Any CPU.ActiveCfg = Release|Any CPU
		{CFEFD9B1-7A05-42EF-812B-86ED3F772429}.Release|Any CPU.Build.0 = Release|Any CPU
		{DBFBF6E7-BC07-407A-BA6C-A68EB08F63A3}.Debug|Any CPU.ActiveCfg = Debug|Any CPU
		{DBFBF6E7-BC07-407A-BA6C-A68EB08F63A3}.Debug|Any CPU.Build.0 = Debug|Any CPU
		{DBFBF6E7-BC07-407A-BA6C-A68EB08F63A3}.Release|Any CPU.ActiveCfg = Release|Any CPU
		{DBFBF6E7-BC07-407A-BA6C-A68EB08F63A3}.Release|Any CPU.Build.0 = Release|Any CPU
		{659E855A-A983-4B49-83D6-A5E0FED567A5}.Debug|Any CPU.ActiveCfg = Debug|Any CPU
		{659E855A-A983-4B49-83D6-A5E0FED567A5}.Debug|Any CPU.Build.0 = Debug|Any CPU
		{659E855A-A983-4B49-83D6-A5E0FED567A5}.Release|Any CPU.ActiveCfg = Release|Any CPU
		{659E855A-A983-4B49-83D6-A5E0FED567A5}.Release|Any CPU.Build.0 = Release|Any CPU
		{EB7D4998-F34A-423F-B244-611E5BA46FA7}.Debug|Any CPU.ActiveCfg = Debug|Any CPU
		{EB7D4998-F34A-423F-B244-611E5BA46FA7}.Debug|Any CPU.Build.0 = Debug|Any CPU
		{EB7D4998-F34A-423F-B244-611E5BA46FA7}.Release|Any CPU.ActiveCfg = Release|Any CPU
		{EB7D4998-F34A-423F-B244-611E5BA46FA7}.Release|Any CPU.Build.0 = Release|Any CPU
		{FA64E642-DD2A-419D-ADE7-313F500E993A}.Debug|Any CPU.ActiveCfg = Debug|Any CPU
		{FA64E642-DD2A-419D-ADE7-313F500E993A}.Debug|Any CPU.Build.0 = Debug|Any CPU
		{FA64E642-DD2A-419D-ADE7-313F500E993A}.Release|Any CPU.ActiveCfg = Release|Any CPU
		{FA64E642-DD2A-419D-ADE7-313F500E993A}.Release|Any CPU.Build.0 = Release|Any CPU
		{D456ACDC-C70B-422A-BFCD-2ACDC30DD7E8}.Debug|Any CPU.ActiveCfg = Debug|Any CPU
		{D456ACDC-C70B-422A-BFCD-2ACDC30DD7E8}.Debug|Any CPU.Build.0 = Debug|Any CPU
		{D456ACDC-C70B-422A-BFCD-2ACDC30DD7E8}.Release|Any CPU.ActiveCfg = Release|Any CPU
		{D456ACDC-C70B-422A-BFCD-2ACDC30DD7E8}.Release|Any CPU.Build.0 = Release|Any CPU
		{4FAA1425-E19C-4DBC-AFA4-8EA4E55119FE}.Debug|Any CPU.ActiveCfg = Debug|Any CPU
		{4FAA1425-E19C-4DBC-AFA4-8EA4E55119FE}.Debug|Any CPU.Build.0 = Debug|Any CPU
		{4FAA1425-E19C-4DBC-AFA4-8EA4E55119FE}.Release|Any CPU.ActiveCfg = Release|Any CPU
		{4FAA1425-E19C-4DBC-AFA4-8EA4E55119FE}.Release|Any CPU.Build.0 = Release|Any CPU
		{F6C31344-77D7-4A46-B20D-76E39182ECDD}.Debug|Any CPU.ActiveCfg = Debug|Any CPU
		{F6C31344-77D7-4A46-B20D-76E39182ECDD}.Debug|Any CPU.Build.0 = Debug|Any CPU
		{F6C31344-77D7-4A46-B20D-76E39182ECDD}.Release|Any CPU.ActiveCfg = Release|Any CPU
		{F6C31344-77D7-4A46-B20D-76E39182ECDD}.Release|Any CPU.Build.0 = Release|Any CPU
		{C66E4F0C-FEA4-457E-8DE0-6C4F36E36645}.Debug|Any CPU.ActiveCfg = Debug|Any CPU
		{C66E4F0C-FEA4-457E-8DE0-6C4F36E36645}.Debug|Any CPU.Build.0 = Debug|Any CPU
		{C66E4F0C-FEA4-457E-8DE0-6C4F36E36645}.Release|Any CPU.ActiveCfg = Release|Any CPU
		{C66E4F0C-FEA4-457E-8DE0-6C4F36E36645}.Release|Any CPU.Build.0 = Release|Any CPU
		{7AB0007D-E8F8-4303-9493-7C26ED99F195}.Debug|Any CPU.ActiveCfg = Debug|Any CPU
		{7AB0007D-E8F8-4303-9493-7C26ED99F195}.Debug|Any CPU.Build.0 = Debug|Any CPU
		{7AB0007D-E8F8-4303-9493-7C26ED99F195}.Release|Any CPU.ActiveCfg = Release|Any CPU
		{7AB0007D-E8F8-4303-9493-7C26ED99F195}.Release|Any CPU.Build.0 = Release|Any CPU
		{0CCCB665-A4B1-4143-9412-F6F598C67C20}.Debug|Any CPU.ActiveCfg = Debug|Any CPU
		{0CCCB665-A4B1-4143-9412-F6F598C67C20}.Debug|Any CPU.Build.0 = Debug|Any CPU
		{0CCCB665-A4B1-4143-9412-F6F598C67C20}.Release|Any CPU.ActiveCfg = Release|Any CPU
		{0CCCB665-A4B1-4143-9412-F6F598C67C20}.Release|Any CPU.Build.0 = Release|Any CPU
		{1483C521-A3F8-452B-8A68-4C67FB5312B4}.Debug|Any CPU.ActiveCfg = Debug|Any CPU
		{1483C521-A3F8-452B-8A68-4C67FB5312B4}.Debug|Any CPU.Build.0 = Debug|Any CPU
		{1483C521-A3F8-452B-8A68-4C67FB5312B4}.Release|Any CPU.ActiveCfg = Release|Any CPU
		{1483C521-A3F8-452B-8A68-4C67FB5312B4}.Release|Any CPU.Build.0 = Release|Any CPU
		{39FE0F81-FF37-4586-871C-2AD432E631BE}.Debug|Any CPU.ActiveCfg = Debug|Any CPU
		{39FE0F81-FF37-4586-871C-2AD432E631BE}.Debug|Any CPU.Build.0 = Debug|Any CPU
		{39FE0F81-FF37-4586-871C-2AD432E631BE}.Release|Any CPU.ActiveCfg = Release|Any CPU
		{39FE0F81-FF37-4586-871C-2AD432E631BE}.Release|Any CPU.Build.0 = Release|Any CPU
		{338424F4-0B43-49E0-9FDB-59F68044D193}.Debug|Any CPU.ActiveCfg = Debug|Any CPU
		{338424F4-0B43-49E0-9FDB-59F68044D193}.Debug|Any CPU.Build.0 = Debug|Any CPU
		{338424F4-0B43-49E0-9FDB-59F68044D193}.Release|Any CPU.ActiveCfg = Release|Any CPU
		{338424F4-0B43-49E0-9FDB-59F68044D193}.Release|Any CPU.Build.0 = Release|Any CPU
		{FB1995B7-80FE-49DF-AE11-476A9BAC17D8}.Debug|Any CPU.ActiveCfg = Debug|Any CPU
		{FB1995B7-80FE-49DF-AE11-476A9BAC17D8}.Debug|Any CPU.Build.0 = Debug|Any CPU
		{FB1995B7-80FE-49DF-AE11-476A9BAC17D8}.Release|Any CPU.ActiveCfg = Release|Any CPU
		{FB1995B7-80FE-49DF-AE11-476A9BAC17D8}.Release|Any CPU.Build.0 = Release|Any CPU
		{2306BC40-A85E-4967-B37F-0A647E6262C4}.Debug|Any CPU.ActiveCfg = Debug|Any CPU
		{2306BC40-A85E-4967-B37F-0A647E6262C4}.Debug|Any CPU.Build.0 = Debug|Any CPU
		{2306BC40-A85E-4967-B37F-0A647E6262C4}.Release|Any CPU.ActiveCfg = Release|Any CPU
		{2306BC40-A85E-4967-B37F-0A647E6262C4}.Release|Any CPU.Build.0 = Release|Any CPU
		{C898E9A6-26E5-4869-A054-0AAC6D6921CD}.Debug|Any CPU.ActiveCfg = Debug|Any CPU
		{C898E9A6-26E5-4869-A054-0AAC6D6921CD}.Debug|Any CPU.Build.0 = Debug|Any CPU
		{C898E9A6-26E5-4869-A054-0AAC6D6921CD}.Release|Any CPU.ActiveCfg = Release|Any CPU
		{C898E9A6-26E5-4869-A054-0AAC6D6921CD}.Release|Any CPU.Build.0 = Release|Any CPU
		{22C34206-4957-4F6F-8BBA-568096F8F325}.Debug|Any CPU.ActiveCfg = Debug|Any CPU
		{22C34206-4957-4F6F-8BBA-568096F8F325}.Debug|Any CPU.Build.0 = Debug|Any CPU
		{22C34206-4957-4F6F-8BBA-568096F8F325}.Release|Any CPU.ActiveCfg = Release|Any CPU
		{22C34206-4957-4F6F-8BBA-568096F8F325}.Release|Any CPU.Build.0 = Release|Any CPU
		{DEE1561E-5070-4843-954F-A1AD164E7E10}.Debug|Any CPU.ActiveCfg = Debug|Any CPU
		{DEE1561E-5070-4843-954F-A1AD164E7E10}.Debug|Any CPU.Build.0 = Debug|Any CPU
		{DEE1561E-5070-4843-954F-A1AD164E7E10}.Release|Any CPU.ActiveCfg = Release|Any CPU
		{DEE1561E-5070-4843-954F-A1AD164E7E10}.Release|Any CPU.Build.0 = Release|Any CPU
		{94E9D364-FDB3-4171-AFCE-889ECA07A69E}.Debug|Any CPU.ActiveCfg = Debug|Any CPU
		{94E9D364-FDB3-4171-AFCE-889ECA07A69E}.Debug|Any CPU.Build.0 = Debug|Any CPU
		{94E9D364-FDB3-4171-AFCE-889ECA07A69E}.Release|Any CPU.ActiveCfg = Release|Any CPU
		{94E9D364-FDB3-4171-AFCE-889ECA07A69E}.Release|Any CPU.Build.0 = Release|Any CPU
		{42E717C6-E291-441E-9647-7260301C8117}.Debug|Any CPU.ActiveCfg = Debug|Any CPU
		{42E717C6-E291-441E-9647-7260301C8117}.Debug|Any CPU.Build.0 = Debug|Any CPU
		{42E717C6-E291-441E-9647-7260301C8117}.Release|Any CPU.ActiveCfg = Release|Any CPU
		{42E717C6-E291-441E-9647-7260301C8117}.Release|Any CPU.Build.0 = Release|Any CPU
		{28D8DBBF-9A97-4462-9142-65A8F14E3A90}.Debug|Any CPU.ActiveCfg = Debug|Any CPU
		{28D8DBBF-9A97-4462-9142-65A8F14E3A90}.Debug|Any CPU.Build.0 = Debug|Any CPU
		{28D8DBBF-9A97-4462-9142-65A8F14E3A90}.Release|Any CPU.ActiveCfg = Release|Any CPU
		{28D8DBBF-9A97-4462-9142-65A8F14E3A90}.Release|Any CPU.Build.0 = Release|Any CPU
		{96401B7E-A949-4456-A706-7AA408735BFB}.Debug|Any CPU.ActiveCfg = Debug|Any CPU
		{96401B7E-A949-4456-A706-7AA408735BFB}.Debug|Any CPU.Build.0 = Debug|Any CPU
		{96401B7E-A949-4456-A706-7AA408735BFB}.Release|Any CPU.ActiveCfg = Release|Any CPU
		{96401B7E-A949-4456-A706-7AA408735BFB}.Release|Any CPU.Build.0 = Release|Any CPU
		{3FD06E76-0AB9-433C-8472-769370F8520E}.Debug|Any CPU.ActiveCfg = Debug|Any CPU
		{3FD06E76-0AB9-433C-8472-769370F8520E}.Debug|Any CPU.Build.0 = Debug|Any CPU
		{3FD06E76-0AB9-433C-8472-769370F8520E}.Release|Any CPU.ActiveCfg = Release|Any CPU
		{3FD06E76-0AB9-433C-8472-769370F8520E}.Release|Any CPU.Build.0 = Release|Any CPU
		{B1980857-D838-438E-BFCB-66E9E57D635F}.Debug|Any CPU.ActiveCfg = Debug|Any CPU
		{B1980857-D838-438E-BFCB-66E9E57D635F}.Debug|Any CPU.Build.0 = Debug|Any CPU
		{B1980857-D838-438E-BFCB-66E9E57D635F}.Release|Any CPU.ActiveCfg = Release|Any CPU
		{B1980857-D838-438E-BFCB-66E9E57D635F}.Release|Any CPU.Build.0 = Release|Any CPU
	EndGlobalSection
	GlobalSection(SolutionProperties) = preSolution
		HideSolutionNode = FALSE
	EndGlobalSection
	GlobalSection(NestedProjects) = preSolution
		{D3875D0C-23F6-403D-8696-F9EAAE905E0B} = {EBFADBDB-658B-41B1-BFED-F633DFF4F99F}
		{975E413E-72A8-40E5-8F82-3F25EEB1FEE8} = {D3875D0C-23F6-403D-8696-F9EAAE905E0B}
		{2B46BC6F-A0DD-440D-8F75-6CBABC95A68D} = {D3875D0C-23F6-403D-8696-F9EAAE905E0B}
		{6A164458-1A73-43BE-B977-D47959EB005B} = {D3875D0C-23F6-403D-8696-F9EAAE905E0B}
		{1EB46D96-447C-49B9-A8DE-3FAC480549CF} = {EBFADBDB-658B-41B1-BFED-F633DFF4F99F}
		{E97D5170-5D80-4069-A9B7-820073D28B72} = {1EB46D96-447C-49B9-A8DE-3FAC480549CF}
		{CFEFD9B1-7A05-42EF-812B-86ED3F772429} = {1EB46D96-447C-49B9-A8DE-3FAC480549CF}
		{F5F0E98B-49EE-40A4-9197-85C12C4619D5} = {EBFADBDB-658B-41B1-BFED-F633DFF4F99F}
		{DBFBF6E7-BC07-407A-BA6C-A68EB08F63A3} = {F5F0E98B-49EE-40A4-9197-85C12C4619D5}
		{376682B5-7381-454A-840E-80B28F02FE6A} = {EBFADBDB-658B-41B1-BFED-F633DFF4F99F}
		{659E855A-A983-4B49-83D6-A5E0FED567A5} = {376682B5-7381-454A-840E-80B28F02FE6A}
		{EB7D4998-F34A-423F-B244-611E5BA46FA7} = {F5F0E98B-49EE-40A4-9197-85C12C4619D5}
		{5B417C1C-6957-4604-855F-6A230A6021FF} = {EBFADBDB-658B-41B1-BFED-F633DFF4F99F}
		{FA64E642-DD2A-419D-ADE7-313F500E993A} = {376682B5-7381-454A-840E-80B28F02FE6A}
		{D456ACDC-C70B-422A-BFCD-2ACDC30DD7E8} = {5B417C1C-6957-4604-855F-6A230A6021FF}
		{4FAA1425-E19C-4DBC-AFA4-8EA4E55119FE} = {5B417C1C-6957-4604-855F-6A230A6021FF}
		{74BA0D75-3F54-42C7-AFF5-7910F729CB04} = {EBFADBDB-658B-41B1-BFED-F633DFF4F99F}
		{F6C31344-77D7-4A46-B20D-76E39182ECDD} = {74BA0D75-3F54-42C7-AFF5-7910F729CB04}
		{C66E4F0C-FEA4-457E-8DE0-6C4F36E36645} = {74BA0D75-3F54-42C7-AFF5-7910F729CB04}
		{B6DA1B2C-4194-4A16-87BD-2B27B1D33F3B} = {BAD125E0-BA18-4307-A113-A5A5439DF656}
		{7AB0007D-E8F8-4303-9493-7C26ED99F195} = {B6DA1B2C-4194-4A16-87BD-2B27B1D33F3B}
		{0CCCB665-A4B1-4143-9412-F6F598C67C20} = {B6DA1B2C-4194-4A16-87BD-2B27B1D33F3B}
		{B45E7A2C-D19E-4070-93E7-A6E5B26D8571} = {BAD125E0-BA18-4307-A113-A5A5439DF656}
		{1483C521-A3F8-452B-8A68-4C67FB5312B4} = {B45E7A2C-D19E-4070-93E7-A6E5B26D8571}
		{39FE0F81-FF37-4586-871C-2AD432E631BE} = {B45E7A2C-D19E-4070-93E7-A6E5B26D8571}
		{BBE513F7-FC2F-4DF0-8CC6-06AA0F5CA60E} = {BAD125E0-BA18-4307-A113-A5A5439DF656}
		{338424F4-0B43-49E0-9FDB-59F68044D193} = {BBE513F7-FC2F-4DF0-8CC6-06AA0F5CA60E}
		{FB1995B7-80FE-49DF-AE11-476A9BAC17D8} = {BBE513F7-FC2F-4DF0-8CC6-06AA0F5CA60E}
		{B3C2B6E0-7C8B-4284-9434-6459BED4F699} = {BAD125E0-BA18-4307-A113-A5A5439DF656}
		{2306BC40-A85E-4967-B37F-0A647E6262C4} = {B3C2B6E0-7C8B-4284-9434-6459BED4F699}
		{C898E9A6-26E5-4869-A054-0AAC6D6921CD} = {B3C2B6E0-7C8B-4284-9434-6459BED4F699}
		{37D64027-3C61-4830-87E5-BF257C206883} = {BAD125E0-BA18-4307-A113-A5A5439DF656}
		{22C34206-4957-4F6F-8BBA-568096F8F325} = {37D64027-3C61-4830-87E5-BF257C206883}
		{44DF911F-5FF7-403C-9C4D-BA72DED3E5BD} = {BAD125E0-BA18-4307-A113-A5A5439DF656}
		{DEE1561E-5070-4843-954F-A1AD164E7E10} = {44DF911F-5FF7-403C-9C4D-BA72DED3E5BD}
		{9EFD173E-A7FF-437A-9FD5-E848681839D3} = {31951D61-E276-4983-9910-852F8DAD9987}
		{94E9D364-FDB3-4171-AFCE-889ECA07A69E} = {9EFD173E-A7FF-437A-9FD5-E848681839D3}
		{42E717C6-E291-441E-9647-7260301C8117} = {9EFD173E-A7FF-437A-9FD5-E848681839D3}
		{ADA5BB92-A472-44D4-ABB4-F7648063B043} = {31951D61-E276-4983-9910-852F8DAD9987}
		{28D8DBBF-9A97-4462-9142-65A8F14E3A90} = {ADA5BB92-A472-44D4-ABB4-F7648063B043}
		{96401B7E-A949-4456-A706-7AA408735BFB} = {ADA5BB92-A472-44D4-ABB4-F7648063B043}
		{510A2D92-7CAC-4F63-B11B-3AD8470FB0BC} = {31951D61-E276-4983-9910-852F8DAD9987}
		{3FD06E76-0AB9-433C-8472-769370F8520E} = {510A2D92-7CAC-4F63-B11B-3AD8470FB0BC}
		{B1980857-D838-438E-BFCB-66E9E57D635F} = {510A2D92-7CAC-4F63-B11B-3AD8470FB0BC}
	EndGlobalSection
	GlobalSection(ExtensibilityGlobals) = postSolution
		SolutionGuid = {299A1C0C-45A0-453C-91F9-4639DE6B5896}
	EndGlobalSection
EndGlobal
