
Microsoft Visual Studio Solution File, Format Version 12.00
# Visual Studio Version 17
VisualStudioVersion = 17.1.32421.90
MinimumVisualStudioVersion = 10.0.40219.1
Project("{2150E333-8FDC-42A3-9474-1A3956D46DE8}") = "1.Creational_Patterns", "1.Creational_Patterns", "{EBFADBDB-658B-41B1-BFED-F633DFF4F99F}"
EndProject
Project("{2150E333-8FDC-42A3-9474-1A3956D46DE8}") = "2.Behavioral_Patterns", "2.Behavioral_Patterns", "{31951D61-E276-4983-9910-852F8DAD9987}"
EndProject
Project("{2150E333-8FDC-42A3-9474-1A3956D46DE8}") = "3.Structural_Patterns", "3.Structural_Patterns", "{BAD125E0-BA18-4307-A113-A5A5439DF656}"
EndProject
Project("{2150E333-8FDC-42A3-9474-1A3956D46DE8}") = "1.Singleton", "1.Singleton", "{D3875D0C-23F6-403D-8696-F9EAAE905E0B}"
EndProject
Project("{FAE04EC0-301F-11D3-BF4B-00C04F79EFBC}") = "BasicSingletonPattern", "1.Creational_Patterns\1.Singleton\BasicSingletonPattern\BasicSingletonPattern.csproj", "{975E413E-72A8-40E5-8F82-3F25EEB1FEE8}"
EndProject
Project("{FAE04EC0-301F-11D3-BF4B-00C04F79EFBC}") = "Logger", "1.Creational_Patterns\1.Singleton\Logger\Logger.csproj", "{2B46BC6F-A0DD-440D-8F75-6CBABC95A68D}"
EndProject
Global
	GlobalSection(SolutionConfigurationPlatforms) = preSolution
		Debug|Any CPU = Debug|Any CPU
		Release|Any CPU = Release|Any CPU
	EndGlobalSection
	GlobalSection(ProjectConfigurationPlatforms) = postSolution
		{975E413E-72A8-40E5-8F82-3F25EEB1FEE8}.Debug|Any CPU.ActiveCfg = Debug|Any CPU
		{975E413E-72A8-40E5-8F82-3F25EEB1FEE8}.Debug|Any CPU.Build.0 = Debug|Any CPU
		{975E413E-72A8-40E5-8F82-3F25EEB1FEE8}.Release|Any CPU.ActiveCfg = Release|Any CPU
		{975E413E-72A8-40E5-8F82-3F25EEB1FEE8}.Release|Any CPU.Build.0 = Release|Any CPU
		{2B46BC6F-A0DD-440D-8F75-6CBABC95A68D}.Debug|Any CPU.ActiveCfg = Debug|Any CPU
		{2B46BC6F-A0DD-440D-8F75-6CBABC95A68D}.Debug|Any CPU.Build.0 = Debug|Any CPU
		{2B46BC6F-A0DD-440D-8F75-6CBABC95A68D}.Release|Any CPU.ActiveCfg = Release|Any CPU
		{2B46BC6F-A0DD-440D-8F75-6CBABC95A68D}.Release|Any CPU.Build.0 = Release|Any CPU
	EndGlobalSection
	GlobalSection(SolutionProperties) = preSolution
		HideSolutionNode = FALSE
	EndGlobalSection
	GlobalSection(NestedProjects) = preSolution
		{D3875D0C-23F6-403D-8696-F9EAAE905E0B} = {EBFADBDB-658B-41B1-BFED-F633DFF4F99F}
		{975E413E-72A8-40E5-8F82-3F25EEB1FEE8} = {D3875D0C-23F6-403D-8696-F9EAAE905E0B}
		{2B46BC6F-A0DD-440D-8F75-6CBABC95A68D} = {D3875D0C-23F6-403D-8696-F9EAAE905E0B}
	EndGlobalSection
	GlobalSection(ExtensibilityGlobals) = postSolution
		SolutionGuid = {299A1C0C-45A0-453C-91F9-4639DE6B5896}
	EndGlobalSection
EndGlobal
